
Microsoft Visual Studio Solution File, Format Version 12.00
# Visual Studio 15
VisualStudioVersion = 15.0.26730.12
MinimumVisualStudioVersion = 10.0.40219.1
Project("{FAE04EC0-301F-11D3-BF4B-00C04F79EFBC}") = "DL5-Project", "DL5-Project\DL5-Project.csproj", "{1FBA76A8-6930-42DF-9E15-5E141FD4E77E}"
EndProject
Global
	GlobalSection(SolutionConfigurationPlatforms) = preSolution
		Debug|Any CPU = Debug|Any CPU
		Release|Any CPU = Release|Any CPU
	EndGlobalSection
	GlobalSection(ProjectConfigurationPlatforms) = postSolution
		{1FBA76A8-6930-42DF-9E15-5E141FD4E77E}.Debug|Any CPU.ActiveCfg = Debug|Any CPU
		{1FBA76A8-6930-42DF-9E15-5E141FD4E77E}.Debug|Any CPU.Build.0 = Debug|Any CPU
		{1FBA76A8-6930-42DF-9E15-5E141FD4E77E}.Release|Any CPU.ActiveCfg = Release|Any CPU
		{1FBA76A8-6930-42DF-9E15-5E141FD4E77E}.Release|Any CPU.Build.0 = Release|Any CPU
	EndGlobalSection
	GlobalSection(SolutionProperties) = preSolution
		HideSolutionNode = FALSE
	EndGlobalSection
	GlobalSection(ExtensibilityGlobals) = postSolution
		SolutionGuid = {7DDD7BDB-0328-4DFC-AA4B-1DB0958E5340}
	EndGlobalSection
EndGlobal
